
Microsoft Visual Studio Solution File, Format Version 12.00
# Visual Studio Version 17
VisualStudioVersion = 17.0.31903.59
MinimumVisualStudioVersion = 10.0.40219.1
Project("{2150E333-8FDC-42A3-9474-1A3956D46DE8}") = "src", "src", "{827E0CD3-B72D-47B6-A68D-7590B98EB39B}"
EndProject
Project("{FAE04EC0-301F-11D3-BF4B-00C04F79EFBC}") = "QuoteDesk.Domain", "src\QuoteDesk.Domain\QuoteDesk.Domain.csproj", "{BA184D6D-0D42-4621-AA7D-33AD1D18BA0B}"
EndProject
Project("{FAE04EC0-301F-11D3-BF4B-00C04F79EFBC}") = "QuoteDesk.Data", "src\QuoteDesk.Data\QuoteDesk.Data.csproj", "{C6D3FDD0-8F3E-4209-9CB9-87A973997F60}"
EndProject
Project("{FAE04EC0-301F-11D3-BF4B-00C04F79EFBC}") = "QuoteDesk.Agents", "src\QuoteDesk.Agents\QuoteDesk.Agents.csproj", "{DE147097-1B30-4E5D-9F47-11409AD11D04}"
EndProject
Project("{FAE04EC0-301F-11D3-BF4B-00C04F79EFBC}") = "QuoteDesk.Intake", "src\QuoteDesk.Intake\QuoteDesk.Intake.csproj", "{3705A3EC-AA2F-4265-B426-D21CB1457080}"
EndProject
Project("{FAE04EC0-301F-11D3-BF4B-00C04F79EFBC}") = "QuoteDesk.Api", "src\QuoteDesk.Api\QuoteDesk.Api.csproj", "{BEFD3FB7-9B07-4D88-B234-7B79017A40F5}"
EndProject
Project("{2150E333-8FDC-42A3-9474-1A3956D46DE8}") = "tests", "tests", "{0AB3BF05-4346-4AA6-1389-037BE0695223}"
EndProject
Project("{FAE04EC0-301F-11D3-BF4B-00C04F79EFBC}") = "QuoteDesk.UnitTests", "tests\QuoteDesk.UnitTests\QuoteDesk.UnitTests.csproj", "{71476825-9CCD-437C-8F47-0677988D36AA}"
EndProject
Project("{FAE04EC0-301F-11D3-BF4B-00C04F79EFBC}") = "QuoteDesk.IntegrationTests", "tests\QuoteDesk.IntegrationTests\QuoteDesk.IntegrationTests.csproj", "{6373F610-13C0-4740-9EFD-59D5596521F1}"
EndProject
Project("{FAE04EC0-301F-11D3-BF4B-00C04F79EFBC}") = "QuoteDesk.Evals", "tests\QuoteDesk.Evals\QuoteDesk.Evals.csproj", "{73499058-0AE3-4CD5-B0EC-AC775FAB3B64}"
EndProject
Global
	GlobalSection(SolutionConfigurationPlatforms) = preSolution
		Debug|Any CPU = Debug|Any CPU
		Debug|x64 = Debug|x64
		Debug|x86 = Debug|x86
		Release|Any CPU = Release|Any CPU
		Release|x64 = Release|x64
		Release|x86 = Release|x86
	EndGlobalSection
	GlobalSection(ProjectConfigurationPlatforms) = postSolution
		{BA184D6D-0D42-4621-AA7D-33AD1D18BA0B}.Debug|Any CPU.ActiveCfg = Debug|Any CPU
		{BA184D6D-0D42-4621-AA7D-33AD1D18BA0B}.Debug|Any CPU.Build.0 = Debug|Any CPU
		{BA184D6D-0D42-4621-AA7D-33AD1D18BA0B}.Debug|x64.ActiveCfg = Debug|Any CPU
		{BA184D6D-0D42-4621-AA7D-33AD1D18BA0B}.Debug|x64.Build.0 = Debug|Any CPU
		{BA184D6D-0D42-4621-AA7D-33AD1D18BA0B}.Debug|x86.ActiveCfg = Debug|Any CPU
		{BA184D6D-0D42-4621-AA7D-33AD1D18BA0B}.Debug|x86.Build.0 = Debug|Any CPU
		{BA184D6D-0D42-4621-AA7D-33AD1D18BA0B}.Release|Any CPU.ActiveCfg = Release|Any CPU
		{BA184D6D-0D42-4621-AA7D-33AD1D18BA0B}.Release|Any CPU.Build.0 = Release|Any CPU
		{BA184D6D-0D42-4621-AA7D-33AD1D18BA0B}.Release|x64.ActiveCfg = Release|Any CPU
		{BA184D6D-0D42-4621-AA7D-33AD1D18BA0B}.Release|x64.Build.0 = Release|Any CPU
		{BA184D6D-0D42-4621-AA7D-33AD1D18BA0B}.Release|x86.ActiveCfg = Release|Any CPU
		{BA184D6D-0D42-4621-AA7D-33AD1D18BA0B}.Release|x86.Build.0 = Release|Any CPU
		{C6D3FDD0-8F3E-4209-9CB9-87A973997F60}.Debug|Any CPU.ActiveCfg = Debug|Any CPU
		{C6D3FDD0-8F3E-4209-9CB9-87A973997F60}.Debug|Any CPU.Build.0 = Debug|Any CPU
		{C6D3FDD0-8F3E-4209-9CB9-87A973997F60}.Debug|x64.ActiveCfg = Debug|Any CPU
		{C6D3FDD0-8F3E-4209-9CB9-87A973997F60}.Debug|x64.Build.0 = Debug|Any CPU
		{C6D3FDD0-8F3E-4209-9CB9-87A973997F60}.Debug|x86.ActiveCfg = Debug|Any CPU
		{C6D3FDD0-8F3E-4209-9CB9-87A973997F60}.Debug|x86.Build.0 = Debug|Any CPU
		{C6D3FDD0-8F3E-4209-9CB9-87A973997F60}.Release|Any CPU.ActiveCfg = Release|Any CPU
		{C6D3FDD0-8F3E-4209-9CB9-87A973997F60}.Release|Any CPU.Build.0 = Release|Any CPU
		{C6D3FDD0-8F3E-4209-9CB9-87A973997F60}.Release|x64.ActiveCfg = Release|Any CPU
		{C6D3FDD0-8F3E-4209-9CB9-87A973997F60}.Release|x64.Build.0 = Release|Any CPU
		{C6D3FDD0-8F3E-4209-9CB9-87A973997F60}.Release|x86.ActiveCfg = Release|Any CPU
		{C6D3FDD0-8F3E-4209-9CB9-87A973997F60}.Release|x86.Build.0 = Release|Any CPU
		{DE147097-1B30-4E5D-9F47-11409AD11D04}.Debug|Any CPU.ActiveCfg = Debug|Any CPU
		{DE147097-1B30-4E5D-9F47-11409AD11D04}.Debug|Any CPU.Build.0 = Debug|Any CPU
		{DE147097-1B30-4E5D-9F47-11409AD11D04}.Debug|x64.ActiveCfg = Debug|Any CPU
		{DE147097-1B30-4E5D-9F47-11409AD11D04}.Debug|x64.Build.0 = Debug|Any CPU
		{DE147097-1B30-4E5D-9F47-11409AD11D04}.Debug|x86.ActiveCfg = Debug|Any CPU
		{DE147097-1B30-4E5D-9F47-11409AD11D04}.Debug|x86.Build.0 = Debug|Any CPU
		{DE147097-1B30-4E5D-9F47-11409AD11D04}.Release|Any CPU.ActiveCfg = Release|Any CPU
		{DE147097-1B30-4E5D-9F47-11409AD11D04}.Release|Any CPU.Build.0 = Release|Any CPU
		{DE147097-1B30-4E5D-9F47-11409AD11D04}.Release|x64.ActiveCfg = Release|Any CPU
		{DE147097-1B30-4E5D-9F47-11409AD11D04}.Release|x64.Build.0 = Release|Any CPU
		{DE147097-1B30-4E5D-9F47-11409AD11D04}.Release|x86.ActiveCfg = Release|Any CPU
		{DE147097-1B30-4E5D-9F47-11409AD11D04}.Release|x86.Build.0 = Release|Any CPU
		{3705A3EC-AA2F-4265-B426-D21CB1457080}.Debug|Any CPU.ActiveCfg = Debug|Any CPU
		{3705A3EC-AA2F-4265-B426-D21CB1457080}.Debug|Any CPU.Build.0 = Debug|Any CPU
		{3705A3EC-AA2F-4265-B426-D21CB1457080}.Debug|x64.ActiveCfg = Debug|Any CPU
		{3705A3EC-AA2F-4265-B426-D21CB1457080}.Debug|x64.Build.0 = Debug|Any CPU
		{3705A3EC-AA2F-4265-B426-D21CB1457080}.Debug|x86.ActiveCfg = Debug|Any CPU
		{3705A3EC-AA2F-4265-B426-D21CB1457080}.Debug|x86.Build.0 = Debug|Any CPU
		{3705A3EC-AA2F-4265-B426-D21CB1457080}.Release|Any CPU.ActiveCfg = Release|Any CPU
		{3705A3EC-AA2F-4265-B426-D21CB1457080}.Release|Any CPU.Build.0 = Release|Any CPU
		{3705A3EC-AA2F-4265-B426-D21CB1457080}.Release|x64.ActiveCfg = Release|Any CPU
		{3705A3EC-AA2F-4265-B426-D21CB1457080}.Release|x64.Build.0 = Release|Any CPU
		{3705A3EC-AA2F-4265-B426-D21CB1457080}.Release|x86.ActiveCfg = Release|Any CPU
		{3705A3EC-AA2F-4265-B426-D21CB1457080}.Release|x86.Build.0 = Release|Any CPU
		{BEFD3FB7-9B07-4D88-B234-7B79017A40F5}.Debug|Any CPU.ActiveCfg = Debug|Any CPU
		{BEFD3FB7-9B07-4D88-B234-7B79017A40F5}.Debug|Any CPU.Build.0 = Debug|Any CPU
		{BEFD3FB7-9B07-4D88-B234-7B79017A40F5}.Debug|x64.ActiveCfg = Debug|Any CPU
		{BEFD3FB7-9B07-4D88-B234-7B79017A40F5}.Debug|x64.Build.0 = Debug|Any CPU
		{BEFD3FB7-9B07-4D88-B234-7B79017A40F5}.Debug|x86.ActiveCfg = Debug|Any CPU
		{BEFD3FB7-9B07-4D88-B234-7B79017A40F5}.Debug|x86.Build.0 = Debug|Any CPU
		{BEFD3FB7-9B07-4D88-B234-7B79017A40F5}.Release|Any CPU.ActiveCfg = Release|Any CPU
		{BEFD3FB7-9B07-4D88-B234-7B79017A40F5}.Release|Any CPU.Build.0 = Release|Any CPU
		{BEFD3FB7-9B07-4D88-B234-7B79017A40F5}.Release|x64.ActiveCfg = Release|Any CPU
		{BEFD3FB7-9B07-4D88-B234-7B79017A40F5}.Release|x64.Build.0 = Release|Any CPU
		{BEFD3FB7-9B07-4D88-B234-7B79017A40F5}.Release|x86.ActiveCfg = Release|Any CPU
		{BEFD3FB7-9B07-4D88-B234-7B79017A40F5}.Release|x86.Build.0 = Release|Any CPU
		{71476825-9CCD-437C-8F47-0677988D36AA}.Debug|Any CPU.ActiveCfg = Debug|Any CPU
		{71476825-9CCD-437C-8F47-0677988D36AA}.Debug|Any CPU.Build.0 = Debug|Any CPU
		{71476825-9CCD-437C-8F47-0677988D36AA}.Debug|x64.ActiveCfg = Debug|Any CPU
		{71476825-9CCD-437C-8F47-0677988D36AA}.Debug|x64.Build.0 = Debug|Any CPU
		{71476825-9CCD-437C-8F47-0677988D36AA}.Debug|x86.ActiveCfg = Debug|Any CPU
		{71476825-9CCD-437C-8F47-0677988D36AA}.Debug|x86.Build.0 = Debug|Any CPU
		{71476825-9CCD-437C-8F47-0677988D36AA}.Release|Any CPU.ActiveCfg = Release|Any CPU
		{71476825-9CCD-437C-8F47-0677988D36AA}.Release|Any CPU.Build.0 = Release|Any CPU
		{71476825-9CCD-437C-8F47-0677988D36AA}.Release|x64.ActiveCfg = Release|Any CPU
		{71476825-9CCD-437C-8F47-0677988D36AA}.Release|x64.Build.0 = Release|Any CPU
		{71476825-9CCD-437C-8F47-0677988D36AA}.Release|x86.ActiveCfg = Release|Any CPU
		{71476825-9CCD-437C-8F47-0677988D36AA}.Release|x86.Build.0 = Release|Any CPU
		{6373F610-13C0-4740-9EFD-59D5596521F1}.Debug|Any CPU.ActiveCfg = Debug|Any CPU
		{6373F610-13C0-4740-9EFD-59D5596521F1}.Debug|Any CPU.Build.0 = Debug|Any CPU
		{6373F610-13C0-4740-9EFD-59D5596521F1}.Debug|x64.ActiveCfg = Debug|Any CPU
		{6373F610-13C0-4740-9EFD-59D5596521F1}.Debug|x64.Build.0 = Debug|Any CPU
		{6373F610-13C0-4740-9EFD-59D5596521F1}.Debug|x86.ActiveCfg = Debug|Any CPU
		{6373F610-13C0-4740-9EFD-59D5596521F1}.Debug|x86.Build.0 = Debug|Any CPU
		{6373F610-13C0-4740-9EFD-59D5596521F1}.Release|Any CPU.ActiveCfg = Release|Any CPU
		{6373F610-13C0-4740-9EFD-59D5596521F1}.Release|Any CPU.Build.0 = Release|Any CPU
		{6373F610-13C0-4740-9EFD-59D5596521F1}.Release|x64.ActiveCfg = Release|Any CPU
		{6373F610-13C0-4740-9EFD-59D5596521F1}.Release|x64.Build.0 = Release|Any CPU
		{6373F610-13C0-4740-9EFD-59D5596521F1}.Release|x86.ActiveCfg = Release|Any CPU
		{6373F610-13C0-4740-9EFD-59D5596521F1}.Release|x86.Build.0 = Release|Any CPU
		{73499058-0AE3-4CD5-B0EC-AC775FAB3B64}.Debug|Any CPU.ActiveCfg = Debug|Any CPU
		{73499058-0AE3-4CD5-B0EC-AC775FAB3B64}.Debug|Any CPU.Build.0 = Debug|Any CPU
		{73499058-0AE3-4CD5-B0EC-AC775FAB3B64}.Debug|x64.ActiveCfg = Debug|Any CPU
		{73499058-0AE3-4CD5-B0EC-AC775FAB3B64}.Debug|x64.Build.0 = Debug|Any CPU
		{73499058-0AE3-4CD5-B0EC-AC775FAB3B64}.Debug|x86.ActiveCfg = Debug|Any CPU
		{73499058-0AE3-4CD5-B0EC-AC775FAB3B64}.Debug|x86.Build.0 = Debug|Any CPU
		{73499058-0AE3-4CD5-B0EC-AC775FAB3B64}.Release|Any CPU.ActiveCfg = Release|Any CPU
		{73499058-0AE3-4CD5-B0EC-AC775FAB3B64}.Release|Any CPU.Build.0 = Release|Any CPU
		{73499058-0AE3-4CD5-B0EC-AC775FAB3B64}.Release|x64.ActiveCfg = Release|Any CPU
		{73499058-0AE3-4CD5-B0EC-AC775FAB3B64}.Release|x64.Build.0 = Release|Any CPU
		{73499058-0AE3-4CD5-B0EC-AC775FAB3B64}.Release|x86.ActiveCfg = Release|Any CPU
		{73499058-0AE3-4CD5-B0EC-AC775FAB3B64}.Release|x86.Build.0 = Release|Any CPU
	EndGlobalSection
	GlobalSection(SolutionProperties) = preSolution
		HideSolutionNode = FALSE
	EndGlobalSection
	GlobalSection(NestedProjects) = preSolution
		{BA184D6D-0D42-4621-AA7D-33AD1D18BA0B} = {827E0CD3-B72D-47B6-A68D-7590B98EB39B}
		{C6D3FDD0-8F3E-4209-9CB9-87A973997F60} = {827E0CD3-B72D-47B6-A68D-7590B98EB39B}
		{DE147097-1B30-4E5D-9F47-11409AD11D04} = {827E0CD3-B72D-47B6-A68D-7590B98EB39B}
		{3705A3EC-AA2F-4265-B426-D21CB1457080} = {827E0CD3-B72D-47B6-A68D-7590B98EB39B}
		{BEFD3FB7-9B07-4D88-B234-7B79017A40F5} = {827E0CD3-B72D-47B6-A68D-7590B98EB39B}
		{71476825-9CCD-437C-8F47-0677988D36AA} = {0AB3BF05-4346-4AA6-1389-037BE0695223}
		{6373F610-13C0-4740-9EFD-59D5596521F1} = {0AB3BF05-4346-4AA6-1389-037BE0695223}
		{73499058-0AE3-4CD5-B0EC-AC775FAB3B64} = {0AB3BF05-4346-4AA6-1389-037BE0695223}
	EndGlobalSection
EndGlobal
